
Microsoft Visual Studio Solution File, Format Version 12.00
# Visual Studio 14
VisualStudioVersion = 14.0.25420.1
MinimumVisualStudioVersion = 10.0.40219.1
Project("{2150E333-8FDC-42A3-9474-1A3956D46DE8}") = "策略", "策略", "{F4E87FB5-9D1A-432F-AF96-76539E77408E}"
EndProject
Project("{2150E333-8FDC-42A3-9474-1A3956D46DE8}") = "盘后作业", "盘后作业", "{5A67281A-6C32-4A02-966B-9C7A7AA823A7}"
EndProject
Project("{2150E333-8FDC-42A3-9474-1A3956D46DE8}") = "CPlus", "CPlus", "{624AFD3B-7E32-4D4D-87BE-6D7F0670A772}"
EndProject
Project("{2150E333-8FDC-42A3-9474-1A3956D46DE8}") = "CSharp", "CSharp", "{5BCC502D-D6DF-4FEF-9FCB-7ABB33B378D8}"
EndProject
Project("{8BC9CEB8-8B4A-11D0-8D11-00A0C91BC942}") = "AlgoWorker", "CPlus\AlgoWorker\AlgoWorker.vcxproj", "{818193AC-BE49-42D0-ADD0-8643ABFC5251}"
EndProject
Project("{8BC9CEB8-8B4A-11D0-8D11-00A0C91BC942}") = "DataCenter", "CPlus\DataCenter\DataCenter.vcxproj", "{F076824B-A905-4B85-93D9-AFF849121F67}"
EndProject
Project("{8BC9CEB8-8B4A-11D0-8D11-00A0C91BC942}") = "MDReceiver", "CPlus\MDReceiver\MDReceiver.vcxproj", "{71AE3803-3C95-462C-8881-0DBD8509933F}"
EndProject
Project("{8BC9CEB8-8B4A-11D0-8D11-00A0C91BC942}") = "TradingCenter", "CPlus\TradingCenter\TradingCenter.vcxproj", "{AE05AB46-4433-4C3D-B956-0F9876F51B54}"
EndProject
Project("{FAE04EC0-301F-11D3-BF4B-00C04F79EFBC}") = "Commons", "CSharp\Commons\Commons.csproj", "{704F62D5-467C-4701-BE8E-020984078F74}"
EndProject
Project("{FAE04EC0-301F-11D3-BF4B-00C04F79EFBC}") = "Models", "CSharp\Model\Models.csproj", "{FCA5E410-9F2B-4A74-A7AE-45227D92E64D}"
EndProject
Project("{FAE04EC0-301F-11D3-BF4B-00C04F79EFBC}") = "Quant", "CSharp\Quant\Quant.csproj", "{8D9AC7CC-8612-4679-8BD5-93392A3F7F19}"
EndProject
Project("{FAE04EC0-301F-11D3-BF4B-00C04F79EFBC}") = "Services", "CSharp\Services\Services.csproj", "{0CB731CB-CAF6-4495-B62A-B8083353E5F1}"
EndProject
Project("{FAE04EC0-301F-11D3-BF4B-00C04F79EFBC}") = "Tests", "CSharp\Tests\Tests.csproj", "{366FAED0-2472-4173-AB4D-027C8D93BFFB}"
EndProject
Project("{FAE04EC0-301F-11D3-BF4B-00C04F79EFBC}") = "Asteroids", "CSharp\Asteroids\Asteroids.csproj", "{20677463-0008-4077-85D1-F439B7E49DD2}"
EndProject
Project("{FAE04EC0-301F-11D3-BF4B-00C04F79EFBC}") = "Api", "CSharp\Api\Api.csproj", "{86E4F9A4-D170-41AB-9385-1965B09C4E1C}"
EndProject
Project("{FAE04EC0-301F-11D3-BF4B-00C04F79EFBC}") = "StrategyWorker", "CSharp\StrategyWorker\StrategyWorker.csproj", "{25854259-78DE-41F7-B278-2411BF6B996F}"
EndProject
Project("{FAE04EC0-301F-11D3-BF4B-00C04F79EFBC}") = "FTWorker", "CSharp\FTWorker\FTWorker.csproj", "{FD6B0D80-394B-40DD-8D29-7EC28A4B54C2}"
EndProject
Project("{FAE04EC0-301F-11D3-BF4B-00C04F79EFBC}") = "FTCenter", "CSharp\FTCenter\FTCenter.csproj", "{233CC9AF-80B2-45AF-B678-9C2C43FC842B}"
EndProject
Project("{FAE04EC0-301F-11D3-BF4B-00C04F79EFBC}") = "SettleWorker", "CSharp\SettleWorker\SettleWorker.csproj", "{BF31C984-33E8-4F35-999C-11769113ED69}"
EndProject
Global
	GlobalSection(SolutionConfigurationPlatforms) = preSolution
		Debug|Any CPU = Debug|Any CPU
		Debug|x64 = Debug|x64
		Debug|x86 = Debug|x86
		Release|Any CPU = Release|Any CPU
		Release|x64 = Release|x64
		Release|x86 = Release|x86
	EndGlobalSection
	GlobalSection(ProjectConfigurationPlatforms) = postSolution
		{818193AC-BE49-42D0-ADD0-8643ABFC5251}.Debug|Any CPU.ActiveCfg = Debug|Win32
		{818193AC-BE49-42D0-ADD0-8643ABFC5251}.Debug|x64.ActiveCfg = Debug|x64
		{818193AC-BE49-42D0-ADD0-8643ABFC5251}.Debug|x64.Build.0 = Debug|x64
		{818193AC-BE49-42D0-ADD0-8643ABFC5251}.Debug|x86.ActiveCfg = Debug|Win32
		{818193AC-BE49-42D0-ADD0-8643ABFC5251}.Debug|x86.Build.0 = Debug|Win32
		{818193AC-BE49-42D0-ADD0-8643ABFC5251}.Release|Any CPU.ActiveCfg = Release|Win32
		{818193AC-BE49-42D0-ADD0-8643ABFC5251}.Release|x64.ActiveCfg = Release|x64
		{818193AC-BE49-42D0-ADD0-8643ABFC5251}.Release|x64.Build.0 = Release|x64
		{818193AC-BE49-42D0-ADD0-8643ABFC5251}.Release|x86.ActiveCfg = Release|Win32
		{818193AC-BE49-42D0-ADD0-8643ABFC5251}.Release|x86.Build.0 = Release|Win32
		{F076824B-A905-4B85-93D9-AFF849121F67}.Debug|Any CPU.ActiveCfg = Debug|Win32
		{F076824B-A905-4B85-93D9-AFF849121F67}.Debug|x64.ActiveCfg = Debug|x64
		{F076824B-A905-4B85-93D9-AFF849121F67}.Debug|x64.Build.0 = Debug|x64
		{F076824B-A905-4B85-93D9-AFF849121F67}.Debug|x86.ActiveCfg = Debug|Win32
		{F076824B-A905-4B85-93D9-AFF849121F67}.Debug|x86.Build.0 = Debug|Win32
		{F076824B-A905-4B85-93D9-AFF849121F67}.Release|Any CPU.ActiveCfg = Release|Win32
		{F076824B-A905-4B85-93D9-AFF849121F67}.Release|x64.ActiveCfg = Release|x64
		{F076824B-A905-4B85-93D9-AFF849121F67}.Release|x64.Build.0 = Release|x64
		{F076824B-A905-4B85-93D9-AFF849121F67}.Release|x86.ActiveCfg = Release|Win32
		{F076824B-A905-4B85-93D9-AFF849121F67}.Release|x86.Build.0 = Release|Win32
		{71AE3803-3C95-462C-8881-0DBD8509933F}.Debug|Any CPU.ActiveCfg = Debug|Win32
		{71AE3803-3C95-462C-8881-0DBD8509933F}.Debug|x64.ActiveCfg = Debug|x64
		{71AE3803-3C95-462C-8881-0DBD8509933F}.Debug|x64.Build.0 = Debug|x64
		{71AE3803-3C95-462C-8881-0DBD8509933F}.Debug|x86.ActiveCfg = Debug|Win32
		{71AE3803-3C95-462C-8881-0DBD8509933F}.Debug|x86.Build.0 = Debug|Win32
		{71AE3803-3C95-462C-8881-0DBD8509933F}.Release|Any CPU.ActiveCfg = Release|Win32
		{71AE3803-3C95-462C-8881-0DBD8509933F}.Release|x64.ActiveCfg = Release|x64
		{71AE3803-3C95-462C-8881-0DBD8509933F}.Release|x64.Build.0 = Release|x64
		{71AE3803-3C95-462C-8881-0DBD8509933F}.Release|x86.ActiveCfg = Release|Win32
		{71AE3803-3C95-462C-8881-0DBD8509933F}.Release|x86.Build.0 = Release|Win32
		{AE05AB46-4433-4C3D-B956-0F9876F51B54}.Debug|Any CPU.ActiveCfg = Debug|Win32
		{AE05AB46-4433-4C3D-B956-0F9876F51B54}.Debug|x64.ActiveCfg = Debug|x64
		{AE05AB46-4433-4C3D-B956-0F9876F51B54}.Debug|x64.Build.0 = Debug|x64
		{AE05AB46-4433-4C3D-B956-0F9876F51B54}.Debug|x86.ActiveCfg = Debug|Win32
		{AE05AB46-4433-4C3D-B956-0F9876F51B54}.Debug|x86.Build.0 = Debug|Win32
		{AE05AB46-4433-4C3D-B956-0F9876F51B54}.Release|Any CPU.ActiveCfg = Release|Win32
		{AE05AB46-4433-4C3D-B956-0F9876F51B54}.Release|x64.ActiveCfg = Release|x64
		{AE05AB46-4433-4C3D-B956-0F9876F51B54}.Release|x64.Build.0 = Release|x64
		{AE05AB46-4433-4C3D-B956-0F9876F51B54}.Release|x86.ActiveCfg = Release|Win32
		{AE05AB46-4433-4C3D-B956-0F9876F51B54}.Release|x86.Build.0 = Release|Win32
		{704F62D5-467C-4701-BE8E-020984078F74}.Debug|Any CPU.ActiveCfg = Debug|Any CPU
		{704F62D5-467C-4701-BE8E-020984078F74}.Debug|Any CPU.Build.0 = Debug|Any CPU
		{704F62D5-467C-4701-BE8E-020984078F74}.Debug|x64.ActiveCfg = Debug|Any CPU
		{704F62D5-467C-4701-BE8E-020984078F74}.Debug|x64.Build.0 = Debug|Any CPU
		{704F62D5-467C-4701-BE8E-020984078F74}.Debug|x86.ActiveCfg = Debug|Any CPU
		{704F62D5-467C-4701-BE8E-020984078F74}.Debug|x86.Build.0 = Debug|Any CPU
		{704F62D5-467C-4701-BE8E-020984078F74}.Release|Any CPU.ActiveCfg = Release|Any CPU
		{704F62D5-467C-4701-BE8E-020984078F74}.Release|Any CPU.Build.0 = Release|Any CPU
		{704F62D5-467C-4701-BE8E-020984078F74}.Release|x64.ActiveCfg = Release|Any CPU
		{704F62D5-467C-4701-BE8E-020984078F74}.Release|x64.Build.0 = Release|Any CPU
		{704F62D5-467C-4701-BE8E-020984078F74}.Release|x86.ActiveCfg = Release|Any CPU
		{704F62D5-467C-4701-BE8E-020984078F74}.Release|x86.Build.0 = Release|Any CPU
		{FCA5E410-9F2B-4A74-A7AE-45227D92E64D}.Debug|Any CPU.ActiveCfg = Debug|Any CPU
		{FCA5E410-9F2B-4A74-A7AE-45227D92E64D}.Debug|Any CPU.Build.0 = Debug|Any CPU
		{FCA5E410-9F2B-4A74-A7AE-45227D92E64D}.Debug|x64.ActiveCfg = Debug|Any CPU
		{FCA5E410-9F2B-4A74-A7AE-45227D92E64D}.Debug|x64.Build.0 = Debug|Any CPU
		{FCA5E410-9F2B-4A74-A7AE-45227D92E64D}.Debug|x86.ActiveCfg = Debug|Any CPU
		{FCA5E410-9F2B-4A74-A7AE-45227D92E64D}.Debug|x86.Build.0 = Debug|Any CPU
		{FCA5E410-9F2B-4A74-A7AE-45227D92E64D}.Release|Any CPU.ActiveCfg = Release|Any CPU
		{FCA5E410-9F2B-4A74-A7AE-45227D92E64D}.Release|Any CPU.Build.0 = Release|Any CPU
		{FCA5E410-9F2B-4A74-A7AE-45227D92E64D}.Release|x64.ActiveCfg = Release|Any CPU
		{FCA5E410-9F2B-4A74-A7AE-45227D92E64D}.Release|x64.Build.0 = Release|Any CPU
		{FCA5E410-9F2B-4A74-A7AE-45227D92E64D}.Release|x86.ActiveCfg = Release|Any CPU
		{FCA5E410-9F2B-4A74-A7AE-45227D92E64D}.Release|x86.Build.0 = Release|Any CPU
		{8D9AC7CC-8612-4679-8BD5-93392A3F7F19}.Debug|Any CPU.ActiveCfg = Debug|Any CPU
		{8D9AC7CC-8612-4679-8BD5-93392A3F7F19}.Debug|Any CPU.Build.0 = Debug|Any CPU
		{8D9AC7CC-8612-4679-8BD5-93392A3F7F19}.Debug|x64.ActiveCfg = Debug|Any CPU
		{8D9AC7CC-8612-4679-8BD5-93392A3F7F19}.Debug|x64.Build.0 = Debug|Any CPU
		{8D9AC7CC-8612-4679-8BD5-93392A3F7F19}.Debug|x86.ActiveCfg = Debug|Any CPU
		{8D9AC7CC-8612-4679-8BD5-93392A3F7F19}.Debug|x86.Build.0 = Debug|Any CPU
		{8D9AC7CC-8612-4679-8BD5-93392A3F7F19}.Release|Any CPU.ActiveCfg = Release|Any CPU
		{8D9AC7CC-8612-4679-8BD5-93392A3F7F19}.Release|Any CPU.Build.0 = Release|Any CPU
		{8D9AC7CC-8612-4679-8BD5-93392A3F7F19}.Release|x64.ActiveCfg = Release|Any CPU
		{8D9AC7CC-8612-4679-8BD5-93392A3F7F19}.Release|x64.Build.0 = Release|Any CPU
		{8D9AC7CC-8612-4679-8BD5-93392A3F7F19}.Release|x86.ActiveCfg = Release|Any CPU
		{8D9AC7CC-8612-4679-8BD5-93392A3F7F19}.Release|x86.Build.0 = Release|Any CPU
		{0CB731CB-CAF6-4495-B62A-B8083353E5F1}.Debug|Any CPU.ActiveCfg = Debug|Any CPU
		{0CB731CB-CAF6-4495-B62A-B8083353E5F1}.Debug|Any CPU.Build.0 = Debug|Any CPU
		{0CB731CB-CAF6-4495-B62A-B8083353E5F1}.Debug|x64.ActiveCfg = Debug|Any CPU
		{0CB731CB-CAF6-4495-B62A-B8083353E5F1}.Debug|x64.Build.0 = Debug|Any CPU
		{0CB731CB-CAF6-4495-B62A-B8083353E5F1}.Debug|x86.ActiveCfg = Debug|Any CPU
		{0CB731CB-CAF6-4495-B62A-B8083353E5F1}.Debug|x86.Build.0 = Debug|Any CPU
		{0CB731CB-CAF6-4495-B62A-B8083353E5F1}.Release|Any CPU.ActiveCfg = Release|Any CPU
		{0CB731CB-CAF6-4495-B62A-B8083353E5F1}.Release|Any CPU.Build.0 = Release|Any CPU
		{0CB731CB-CAF6-4495-B62A-B8083353E5F1}.Release|x64.ActiveCfg = Release|Any CPU
		{0CB731CB-CAF6-4495-B62A-B8083353E5F1}.Release|x64.Build.0 = Release|Any CPU
		{0CB731CB-CAF6-4495-B62A-B8083353E5F1}.Release|x86.ActiveCfg = Release|Any CPU
		{0CB731CB-CAF6-4495-B62A-B8083353E5F1}.Release|x86.Build.0 = Release|Any CPU
		{366FAED0-2472-4173-AB4D-027C8D93BFFB}.Debug|Any CPU.ActiveCfg = Debug|Any CPU
		{366FAED0-2472-4173-AB4D-027C8D93BFFB}.Debug|Any CPU.Build.0 = Debug|Any CPU
		{366FAED0-2472-4173-AB4D-027C8D93BFFB}.Debug|x64.ActiveCfg = Debug|Any CPU
		{366FAED0-2472-4173-AB4D-027C8D93BFFB}.Debug|x64.Build.0 = Debug|Any CPU
		{366FAED0-2472-4173-AB4D-027C8D93BFFB}.Debug|x86.ActiveCfg = Debug|Any CPU
		{366FAED0-2472-4173-AB4D-027C8D93BFFB}.Debug|x86.Build.0 = Debug|Any CPU
		{366FAED0-2472-4173-AB4D-027C8D93BFFB}.Release|Any CPU.ActiveCfg = Release|Any CPU
		{366FAED0-2472-4173-AB4D-027C8D93BFFB}.Release|Any CPU.Build.0 = Release|Any CPU
		{366FAED0-2472-4173-AB4D-027C8D93BFFB}.Release|x64.ActiveCfg = Release|Any CPU
		{366FAED0-2472-4173-AB4D-027C8D93BFFB}.Release|x64.Build.0 = Release|Any CPU
		{366FAED0-2472-4173-AB4D-027C8D93BFFB}.Release|x86.ActiveCfg = Release|Any CPU
		{366FAED0-2472-4173-AB4D-027C8D93BFFB}.Release|x86.Build.0 = Release|Any CPU
		{20677463-0008-4077-85D1-F439B7E49DD2}.Debug|Any CPU.ActiveCfg = Debug|Any CPU
		{20677463-0008-4077-85D1-F439B7E49DD2}.Debug|Any CPU.Build.0 = Debug|Any CPU
		{20677463-0008-4077-85D1-F439B7E49DD2}.Debug|x64.ActiveCfg = Debug|Any CPU
		{20677463-0008-4077-85D1-F439B7E49DD2}.Debug|x64.Build.0 = Debug|Any CPU
		{20677463-0008-4077-85D1-F439B7E49DD2}.Debug|x86.ActiveCfg = Debug|Any CPU
		{20677463-0008-4077-85D1-F439B7E49DD2}.Debug|x86.Build.0 = Debug|Any CPU
		{20677463-0008-4077-85D1-F439B7E49DD2}.Release|Any CPU.ActiveCfg = Release|Any CPU
		{20677463-0008-4077-85D1-F439B7E49DD2}.Release|Any CPU.Build.0 = Release|Any CPU
		{20677463-0008-4077-85D1-F439B7E49DD2}.Release|x64.ActiveCfg = Release|Any CPU
		{20677463-0008-4077-85D1-F439B7E49DD2}.Release|x64.Build.0 = Release|Any CPU
		{20677463-0008-4077-85D1-F439B7E49DD2}.Release|x86.ActiveCfg = Release|Any CPU
		{20677463-0008-4077-85D1-F439B7E49DD2}.Release|x86.Build.0 = Release|Any CPU
		{86E4F9A4-D170-41AB-9385-1965B09C4E1C}.Debug|Any CPU.ActiveCfg = Debug|Any CPU
		{86E4F9A4-D170-41AB-9385-1965B09C4E1C}.Debug|Any CPU.Build.0 = Debug|Any CPU
		{86E4F9A4-D170-41AB-9385-1965B09C4E1C}.Debug|x64.ActiveCfg = Debug|Any CPU
		{86E4F9A4-D170-41AB-9385-1965B09C4E1C}.Debug|x64.Build.0 = Debug|Any CPU
		{86E4F9A4-D170-41AB-9385-1965B09C4E1C}.Debug|x86.ActiveCfg = Debug|Any CPU
		{86E4F9A4-D170-41AB-9385-1965B09C4E1C}.Debug|x86.Build.0 = Debug|Any CPU
		{86E4F9A4-D170-41AB-9385-1965B09C4E1C}.Release|Any CPU.ActiveCfg = Release|Any CPU
		{86E4F9A4-D170-41AB-9385-1965B09C4E1C}.Release|Any CPU.Build.0 = Release|Any CPU
		{86E4F9A4-D170-41AB-9385-1965B09C4E1C}.Release|x64.ActiveCfg = Release|Any CPU
		{86E4F9A4-D170-41AB-9385-1965B09C4E1C}.Release|x64.Build.0 = Release|Any CPU
		{86E4F9A4-D170-41AB-9385-1965B09C4E1C}.Release|x86.ActiveCfg = Release|Any CPU
		{86E4F9A4-D170-41AB-9385-1965B09C4E1C}.Release|x86.Build.0 = Release|Any CPU
		{25854259-78DE-41F7-B278-2411BF6B996F}.Debug|Any CPU.ActiveCfg = Debug|Any CPU
		{25854259-78DE-41F7-B278-2411BF6B996F}.Debug|Any CPU.Build.0 = Debug|Any CPU
		{25854259-78DE-41F7-B278-2411BF6B996F}.Debug|x64.ActiveCfg = Debug|Any CPU
		{25854259-78DE-41F7-B278-2411BF6B996F}.Debug|x64.Build.0 = Debug|Any CPU
		{25854259-78DE-41F7-B278-2411BF6B996F}.Debug|x86.ActiveCfg = Debug|Any CPU
		{25854259-78DE-41F7-B278-2411BF6B996F}.Debug|x86.Build.0 = Debug|Any CPU
		{25854259-78DE-41F7-B278-2411BF6B996F}.Release|Any CPU.ActiveCfg = Release|Any CPU
		{25854259-78DE-41F7-B278-2411BF6B996F}.Release|Any CPU.Build.0 = Release|Any CPU
		{25854259-78DE-41F7-B278-2411BF6B996F}.Release|x64.ActiveCfg = Release|Any CPU
		{25854259-78DE-41F7-B278-2411BF6B996F}.Release|x64.Build.0 = Release|Any CPU
		{25854259-78DE-41F7-B278-2411BF6B996F}.Release|x86.ActiveCfg = Release|Any CPU
		{25854259-78DE-41F7-B278-2411BF6B996F}.Release|x86.Build.0 = Release|Any CPU
		{FD6B0D80-394B-40DD-8D29-7EC28A4B54C2}.Debug|Any CPU.ActiveCfg = Debug|Any CPU
		{FD6B0D80-394B-40DD-8D29-7EC28A4B54C2}.Debug|Any CPU.Build.0 = Debug|Any CPU
		{FD6B0D80-394B-40DD-8D29-7EC28A4B54C2}.Debug|x64.ActiveCfg = Debug|Any CPU
		{FD6B0D80-394B-40DD-8D29-7EC28A4B54C2}.Debug|x64.Build.0 = Debug|Any CPU
		{FD6B0D80-394B-40DD-8D29-7EC28A4B54C2}.Debug|x86.ActiveCfg = Debug|Any CPU
		{FD6B0D80-394B-40DD-8D29-7EC28A4B54C2}.Debug|x86.Build.0 = Debug|Any CPU
		{FD6B0D80-394B-40DD-8D29-7EC28A4B54C2}.Release|Any CPU.ActiveCfg = Release|Any CPU
		{FD6B0D80-394B-40DD-8D29-7EC28A4B54C2}.Release|Any CPU.Build.0 = Release|Any CPU
		{FD6B0D80-394B-40DD-8D29-7EC28A4B54C2}.Release|x64.ActiveCfg = Release|Any CPU
		{FD6B0D80-394B-40DD-8D29-7EC28A4B54C2}.Release|x64.Build.0 = Release|Any CPU
		{FD6B0D80-394B-40DD-8D29-7EC28A4B54C2}.Release|x86.ActiveCfg = Release|Any CPU
		{FD6B0D80-394B-40DD-8D29-7EC28A4B54C2}.Release|x86.Build.0 = Release|Any CPU
		{233CC9AF-80B2-45AF-B678-9C2C43FC842B}.Debug|Any CPU.ActiveCfg = Debug|Any CPU
		{233CC9AF-80B2-45AF-B678-9C2C43FC842B}.Debug|Any CPU.Build.0 = Debug|Any CPU
		{233CC9AF-80B2-45AF-B678-9C2C43FC842B}.Debug|x64.ActiveCfg = Debug|Any CPU
		{233CC9AF-80B2-45AF-B678-9C2C43FC842B}.Debug|x64.Build.0 = Debug|Any CPU
		{233CC9AF-80B2-45AF-B678-9C2C43FC842B}.Debug|x86.ActiveCfg = Debug|Any CPU
		{233CC9AF-80B2-45AF-B678-9C2C43FC842B}.Debug|x86.Build.0 = Debug|Any CPU
		{233CC9AF-80B2-45AF-B678-9C2C43FC842B}.Release|Any CPU.ActiveCfg = Release|Any CPU
		{233CC9AF-80B2-45AF-B678-9C2C43FC842B}.Release|Any CPU.Build.0 = Release|Any CPU
		{233CC9AF-80B2-45AF-B678-9C2C43FC842B}.Release|x64.ActiveCfg = Release|Any CPU
		{233CC9AF-80B2-45AF-B678-9C2C43FC842B}.Release|x64.Build.0 = Release|Any CPU
		{233CC9AF-80B2-45AF-B678-9C2C43FC842B}.Release|x86.ActiveCfg = Release|Any CPU
		{233CC9AF-80B2-45AF-B678-9C2C43FC842B}.Release|x86.Build.0 = Release|Any CPU
		{BF31C984-33E8-4F35-999C-11769113ED69}.Debug|Any CPU.ActiveCfg = Debug|Any CPU
		{BF31C984-33E8-4F35-999C-11769113ED69}.Debug|Any CPU.Build.0 = Debug|Any CPU
		{BF31C984-33E8-4F35-999C-11769113ED69}.Debug|x64.ActiveCfg = Debug|Any CPU
		{BF31C984-33E8-4F35-999C-11769113ED69}.Debug|x64.Build.0 = Debug|Any CPU
		{BF31C984-33E8-4F35-999C-11769113ED69}.Debug|x86.ActiveCfg = Debug|Any CPU
		{BF31C984-33E8-4F35-999C-11769113ED69}.Debug|x86.Build.0 = Debug|Any CPU
		{BF31C984-33E8-4F35-999C-11769113ED69}.Release|Any CPU.ActiveCfg = Release|Any CPU
		{BF31C984-33E8-4F35-999C-11769113ED69}.Release|Any CPU.Build.0 = Release|Any CPU
		{BF31C984-33E8-4F35-999C-11769113ED69}.Release|x64.ActiveCfg = Release|Any CPU
		{BF31C984-33E8-4F35-999C-11769113ED69}.Release|x64.Build.0 = Release|Any CPU
		{BF31C984-33E8-4F35-999C-11769113ED69}.Release|x86.ActiveCfg = Release|Any CPU
		{BF31C984-33E8-4F35-999C-11769113ED69}.Release|x86.Build.0 = Release|Any CPU
	EndGlobalSection
	GlobalSection(SolutionProperties) = preSolution
		HideSolutionNode = FALSE
	EndGlobalSection
	GlobalSection(NestedProjects) = preSolution
		{F4E87FB5-9D1A-432F-AF96-76539E77408E} = {5BCC502D-D6DF-4FEF-9FCB-7ABB33B378D8}
		{5A67281A-6C32-4A02-966B-9C7A7AA823A7} = {5BCC502D-D6DF-4FEF-9FCB-7ABB33B378D8}
		{818193AC-BE49-42D0-ADD0-8643ABFC5251} = {624AFD3B-7E32-4D4D-87BE-6D7F0670A772}
		{F076824B-A905-4B85-93D9-AFF849121F67} = {624AFD3B-7E32-4D4D-87BE-6D7F0670A772}
		{71AE3803-3C95-462C-8881-0DBD8509933F} = {624AFD3B-7E32-4D4D-87BE-6D7F0670A772}
		{AE05AB46-4433-4C3D-B956-0F9876F51B54} = {624AFD3B-7E32-4D4D-87BE-6D7F0670A772}
		{704F62D5-467C-4701-BE8E-020984078F74} = {5BCC502D-D6DF-4FEF-9FCB-7ABB33B378D8}
		{FCA5E410-9F2B-4A74-A7AE-45227D92E64D} = {5BCC502D-D6DF-4FEF-9FCB-7ABB33B378D8}
		{8D9AC7CC-8612-4679-8BD5-93392A3F7F19} = {5BCC502D-D6DF-4FEF-9FCB-7ABB33B378D8}
		{0CB731CB-CAF6-4495-B62A-B8083353E5F1} = {5BCC502D-D6DF-4FEF-9FCB-7ABB33B378D8}
		{366FAED0-2472-4173-AB4D-027C8D93BFFB} = {5BCC502D-D6DF-4FEF-9FCB-7ABB33B378D8}
		{20677463-0008-4077-85D1-F439B7E49DD2} = {5BCC502D-D6DF-4FEF-9FCB-7ABB33B378D8}
		{86E4F9A4-D170-41AB-9385-1965B09C4E1C} = {5BCC502D-D6DF-4FEF-9FCB-7ABB33B378D8}
		{25854259-78DE-41F7-B278-2411BF6B996F} = {F4E87FB5-9D1A-432F-AF96-76539E77408E}
		{FD6B0D80-394B-40DD-8D29-7EC28A4B54C2} = {F4E87FB5-9D1A-432F-AF96-76539E77408E}
		{233CC9AF-80B2-45AF-B678-9C2C43FC842B} = {F4E87FB5-9D1A-432F-AF96-76539E77408E}
		{BF31C984-33E8-4F35-999C-11769113ED69} = {5A67281A-6C32-4A02-966B-9C7A7AA823A7}
	EndGlobalSection
EndGlobal
